
Microsoft Visual Studio Solution File, Format Version 12.00
# Visual Studio Version 16
VisualStudioVersion = 16.0.29209.152
MinimumVisualStudioVersion = 10.0.40219.1
Project("{FAE04EC0-301F-11D3-BF4B-00C04F79EFBC}") = "MyVet.Common", "MyVet.Common\MyVet.Common.csproj", "{F30F58CA-D02D-4156-886E-4F3B146DF16D}"
EndProject
Project("{FAE04EC0-301F-11D3-BF4B-00C04F79EFBC}") = "MyVet.Web", "MyVet.Web\MyVet.Web.csproj", "{EAE594A7-BFBD-4753-A125-029D5E097A60}"
EndProject
Global
	GlobalSection(SolutionConfigurationPlatforms) = preSolution
		Debug|Any CPU = Debug|Any CPU
		Release|Any CPU = Release|Any CPU
	EndGlobalSection
	GlobalSection(ProjectConfigurationPlatforms) = postSolution
		{F30F58CA-D02D-4156-886E-4F3B146DF16D}.Debug|Any CPU.ActiveCfg = Debug|Any CPU
		{F30F58CA-D02D-4156-886E-4F3B146DF16D}.Debug|Any CPU.Build.0 = Debug|Any CPU
		{F30F58CA-D02D-4156-886E-4F3B146DF16D}.Release|Any CPU.ActiveCfg = Release|Any CPU
		{F30F58CA-D02D-4156-886E-4F3B146DF16D}.Release|Any CPU.Build.0 = Release|Any CPU
		{EAE594A7-BFBD-4753-A125-029D5E097A60}.Debug|Any CPU.ActiveCfg = Debug|Any CPU
		{EAE594A7-BFBD-4753-A125-029D5E097A60}.Debug|Any CPU.Build.0 = Debug|Any CPU
		{EAE594A7-BFBD-4753-A125-029D5E097A60}.Release|Any CPU.ActiveCfg = Release|Any CPU
		{EAE594A7-BFBD-4753-A125-029D5E097A60}.Release|Any CPU.Build.0 = Release|Any CPU
	EndGlobalSection
	GlobalSection(SolutionProperties) = preSolution
		HideSolutionNode = FALSE
	EndGlobalSection
	GlobalSection(ExtensibilityGlobals) = postSolution
		SolutionGuid = {9469D083-92E4-4D9A-9203-76C17C2807F8}
	EndGlobalSection
EndGlobal
